# THIS IS AN AUTOGENERATED FILE. DO NOT EDIT THIS FILE DIRECTLY.
# yarn lockfile v1


intersection-observer-polyfill@^0.1.0:
  version "0.1.0"
  resolved "https://registry.yarnpkg.com/intersection-observer-polyfill/-/intersection-observer-polyfill-0.1.0.tgz#f9ef8e5a6f3e0e8173d0c0fdb563e47a9dda233c"
